
Microsoft Visual Studio Solution File, Format Version 12.00
# Visual Studio Version 17
VisualStudioVersion = 17.14.36623.8 d17.14
MinimumVisualStudioVersion = 10.0.40219.1
Project("{FAE04EC0-301F-11D3-BF4B-00C04F79EFBC}") = "grafico", "grafico\grafico.csproj", "{0D9EE20F-533B-400A-9208-BE476933CEBF}"
EndProject
Global
	GlobalSection(SolutionConfigurationPlatforms) = preSolution
		Debug|Any CPU = Debug|Any CPU
		Release|Any CPU = Release|Any CPU
	EndGlobalSection
	GlobalSection(ProjectConfigurationPlatforms) = postSolution
		{0D9EE20F-533B-400A-9208-BE476933CEBF}.Debug|Any CPU.ActiveCfg = Debug|Any CPU
		{0D9EE20F-533B-400A-9208-BE476933CEBF}.Debug|Any CPU.Build.0 = Debug|Any CPU
		{0D9EE20F-533B-400A-9208-BE476933CEBF}.Release|Any CPU.ActiveCfg = Release|Any CPU
		{0D9EE20F-533B-400A-9208-BE476933CEBF}.Release|Any CPU.Build.0 = Release|Any CPU
	EndGlobalSection
	GlobalSection(SolutionProperties) = preSolution
		HideSolutionNode = FALSE
	EndGlobalSection
	GlobalSection(ExtensibilityGlobals) = postSolution
		SolutionGuid = {3F16BF59-8BAC-41EF-96F1-226F9E73BD8F}
	EndGlobalSection
EndGlobal
